
Microsoft Visual Studio Solution File, Format Version 12.00
# Visual Studio Version 17
VisualStudioVersion = 17.3.32929.385
MinimumVisualStudioVersion = 10.0.40219.1
Project("{9A19103F-16F7-4668-BE54-9A1E7A4F7556}") = "ExportUtilityWwise", "ExportUtilityWwise\ExportUtilityWwise.csproj", "{222CD7E4-0402-4B24-8DB3-BBD7E7E03DC4}"
EndProject
Project("{9A19103F-16F7-4668-BE54-9A1E7A4F7556}") = "CUE4Parse", "CUE4Parse\CUE4Parse\CUE4Parse.csproj", "{522EDA05-D513-405D-9A48-3B91DC370269}"
EndProject
Project("{9A19103F-16F7-4668-BE54-9A1E7A4F7556}") = "CUE4Parse-Conversion", "CUE4Parse\CUE4Parse-Conversion\CUE4Parse-Conversion.csproj", "{C80551DF-91AC-4D83-BFA5-26C0B81B0958}"
EndProject
Global
	GlobalSection(SolutionConfigurationPlatforms) = preSolution
		Debug|Any CPU = Debug|Any CPU
		Debug|x64 = Debug|x64
		MinSizeRel|Any CPU = MinSizeRel|Any CPU
		MinSizeRel|x64 = MinSizeRel|x64
		Release|Any CPU = Release|Any CPU
		Release|x64 = Release|x64
		RelWithDebInfo|Any CPU = RelWithDebInfo|Any CPU
		RelWithDebInfo|x64 = RelWithDebInfo|x64
	EndGlobalSection
	GlobalSection(ProjectConfigurationPlatforms) = postSolution
		{222CD7E4-0402-4B24-8DB3-BBD7E7E03DC4}.Debug|Any CPU.ActiveCfg = Debug|Any CPU
		{222CD7E4-0402-4B24-8DB3-BBD7E7E03DC4}.Debug|Any CPU.Build.0 = Debug|Any CPU
		{222CD7E4-0402-4B24-8DB3-BBD7E7E03DC4}.Debug|x64.ActiveCfg = Debug|Any CPU
		{222CD7E4-0402-4B24-8DB3-BBD7E7E03DC4}.Debug|x64.Build.0 = Debug|Any CPU
		{222CD7E4-0402-4B24-8DB3-BBD7E7E03DC4}.MinSizeRel|Any CPU.ActiveCfg = Debug|Any CPU
		{222CD7E4-0402-4B24-8DB3-BBD7E7E03DC4}.MinSizeRel|Any CPU.Build.0 = Debug|Any CPU
		{222CD7E4-0402-4B24-8DB3-BBD7E7E03DC4}.MinSizeRel|x64.ActiveCfg = Debug|Any CPU
		{222CD7E4-0402-4B24-8DB3-BBD7E7E03DC4}.MinSizeRel|x64.Build.0 = Debug|Any CPU
		{222CD7E4-0402-4B24-8DB3-BBD7E7E03DC4}.Release|Any CPU.ActiveCfg = Release|Any CPU
		{222CD7E4-0402-4B24-8DB3-BBD7E7E03DC4}.Release|Any CPU.Build.0 = Release|Any CPU
		{222CD7E4-0402-4B24-8DB3-BBD7E7E03DC4}.Release|x64.ActiveCfg = Release|Any CPU
		{222CD7E4-0402-4B24-8DB3-BBD7E7E03DC4}.Release|x64.Build.0 = Release|Any CPU
		{222CD7E4-0402-4B24-8DB3-BBD7E7E03DC4}.RelWithDebInfo|Any CPU.ActiveCfg = Release|Any CPU
		{222CD7E4-0402-4B24-8DB3-BBD7E7E03DC4}.RelWithDebInfo|Any CPU.Build.0 = Release|Any CPU
		{222CD7E4-0402-4B24-8DB3-BBD7E7E03DC4}.RelWithDebInfo|x64.ActiveCfg = Release|Any CPU
		{222CD7E4-0402-4B24-8DB3-BBD7E7E03DC4}.RelWithDebInfo|x64.Build.0 = Release|Any CPU
		{522EDA05-D513-405D-9A48-3B91DC370269}.Debug|Any CPU.ActiveCfg = Debug|Any CPU
		{522EDA05-D513-405D-9A48-3B91DC370269}.Debug|Any CPU.Build.0 = Debug|Any CPU
		{522EDA05-D513-405D-9A48-3B91DC370269}.Debug|x64.ActiveCfg = Debug|Any CPU
		{522EDA05-D513-405D-9A48-3B91DC370269}.Debug|x64.Build.0 = Debug|Any CPU
		{522EDA05-D513-405D-9A48-3B91DC370269}.MinSizeRel|Any CPU.ActiveCfg = Debug|Any CPU
		{522EDA05-D513-405D-9A48-3B91DC370269}.MinSizeRel|Any CPU.Build.0 = Debug|Any CPU
		{522EDA05-D513-405D-9A48-3B91DC370269}.MinSizeRel|x64.ActiveCfg = Debug|Any CPU
		{522EDA05-D513-405D-9A48-3B91DC370269}.MinSizeRel|x64.Build.0 = Debug|Any CPU
		{522EDA05-D513-405D-9A48-3B91DC370269}.Release|Any CPU.ActiveCfg = Release|Any CPU
		{522EDA05-D513-405D-9A48-3B91DC370269}.Release|Any CPU.Build.0 = Release|Any CPU
		{522EDA05-D513-405D-9A48-3B91DC370269}.Release|x64.ActiveCfg = Release|Any CPU
		{522EDA05-D513-405D-9A48-3B91DC370269}.Release|x64.Build.0 = Release|Any CPU
		{522EDA05-D513-405D-9A48-3B91DC370269}.RelWithDebInfo|Any CPU.ActiveCfg = Release|Any CPU
		{522EDA05-D513-405D-9A48-3B91DC370269}.RelWithDebInfo|Any CPU.Build.0 = Release|Any CPU
		{522EDA05-D513-405D-9A48-3B91DC370269}.RelWithDebInfo|x64.ActiveCfg = Release|Any CPU
		{522EDA05-D513-405D-9A48-3B91DC370269}.RelWithDebInfo|x64.Build.0 = Release|Any CPU
		{C80551DF-91AC-4D83-BFA5-26C0B81B0958}.Debug|Any CPU.ActiveCfg = Debug|Any CPU
		{C80551DF-91AC-4D83-BFA5-26C0B81B0958}.Debug|Any CPU.Build.0 = Debug|Any CPU
		{C80551DF-91AC-4D83-BFA5-26C0B81B0958}.Debug|x64.ActiveCfg = Debug|Any CPU
		{C80551DF-91AC-4D83-BFA5-26C0B81B0958}.Debug|x64.Build.0 = Debug|Any CPU
		{C80551DF-91AC-4D83-BFA5-26C0B81B0958}.MinSizeRel|Any CPU.ActiveCfg = Debug|Any CPU
		{C80551DF-91AC-4D83-BFA5-26C0B81B0958}.MinSizeRel|Any CPU.Build.0 = Debug|Any CPU
		{C80551DF-91AC-4D83-BFA5-26C0B81B0958}.MinSizeRel|x64.ActiveCfg = Debug|Any CPU
		{C80551DF-91AC-4D83-BFA5-26C0B81B0958}.MinSizeRel|x64.Build.0 = Debug|Any CPU
		{C80551DF-91AC-4D83-BFA5-26C0B81B0958}.Release|Any CPU.ActiveCfg = Release|Any CPU
		{C80551DF-91AC-4D83-BFA5-26C0B81B0958}.Release|Any CPU.Build.0 = Release|Any CPU
		{C80551DF-91AC-4D83-BFA5-26C0B81B0958}.Release|x64.ActiveCfg = Release|Any CPU
		{C80551DF-91AC-4D83-BFA5-26C0B81B0958}.Release|x64.Build.0 = Release|Any CPU
		{C80551DF-91AC-4D83-BFA5-26C0B81B0958}.RelWithDebInfo|Any CPU.ActiveCfg = Release|Any CPU
		{C80551DF-91AC-4D83-BFA5-26C0B81B0958}.RelWithDebInfo|Any CPU.Build.0 = Release|Any CPU
		{C80551DF-91AC-4D83-BFA5-26C0B81B0958}.RelWithDebInfo|x64.ActiveCfg = Release|Any CPU
		{C80551DF-91AC-4D83-BFA5-26C0B81B0958}.RelWithDebInfo|x64.Build.0 = Release|Any CPU
	EndGlobalSection
	GlobalSection(SolutionProperties) = preSolution
		HideSolutionNode = FALSE
	EndGlobalSection
	GlobalSection(ExtensibilityGlobals) = postSolution
		SolutionGuid = {DB57D498-DCAF-49C9-A578-09FDA01406E5}
	EndGlobalSection
EndGlobal
